
Microsoft Visual Studio Solution File, Format Version 12.00
# Visual Studio Version 16
VisualStudioVersion = 16.0.29324.140
MinimumVisualStudioVersion = 10.0.40219.1
Project("{FAE04EC0-301F-11D3-BF4B-00C04F79EFBC}") = "JSON", "XML-JSON\JSON.csproj", "{10D7ECE0-91FA-4B3C-9782-252E1A42240B}"
EndProject
Project("{2150E333-8FDC-42A3-9474-1A3956D46DE8}") = "JSON", "JSON", "{1F73916F-D23B-407B-834A-D41A750868FE}"
EndProject
Global
	GlobalSection(SolutionConfigurationPlatforms) = preSolution
		Debug|Any CPU = Debug|Any CPU
		Release|Any CPU = Release|Any CPU
	EndGlobalSection
	GlobalSection(ProjectConfigurationPlatforms) = postSolution
		{10D7ECE0-91FA-4B3C-9782-252E1A42240B}.Debug|Any CPU.ActiveCfg = Debug|Any CPU
		{10D7ECE0-91FA-4B3C-9782-252E1A42240B}.Debug|Any CPU.Build.0 = Debug|Any CPU
		{10D7ECE0-91FA-4B3C-9782-252E1A42240B}.Release|Any CPU.ActiveCfg = Release|Any CPU
		{10D7ECE0-91FA-4B3C-9782-252E1A42240B}.Release|Any CPU.Build.0 = Release|Any CPU
	EndGlobalSection
	GlobalSection(SolutionProperties) = preSolution
		HideSolutionNode = FALSE
	EndGlobalSection
	GlobalSection(NestedProjects) = preSolution
		{10D7ECE0-91FA-4B3C-9782-252E1A42240B} = {1F73916F-D23B-407B-834A-D41A750868FE}
	EndGlobalSection
	GlobalSection(ExtensibilityGlobals) = postSolution
		SolutionGuid = {5FEFBB73-C11E-4957-A5CE-D1901B80DE82}
	EndGlobalSection
EndGlobal
